Microsoft Visual Studio Solution File, Format Version 11.00
# Visual Studio 2008

Project("{F2FC245E-56FF-E597-108F-8621E35A5843}") = "BentMetal", "Assembly-CSharp.csproj", "{58250096-ED53-728D-BC70-362E8B190209}"
EndProject
Project("{F2FC245E-56FF-E597-108F-8621E35A5843}") = "BentMetal", "Assembly-CSharp-Editor.csproj", "{829EFDB3-1B07-524B-D10D-61534E283EDC}"
EndProject
Global
	GlobalSection(SolutionConfigurationPlatforms) = preSolution
		Debug|Any CPU = Debug|Any CPU
		Release|Any CPU = Release|Any CPU
	EndGlobalSection
	GlobalSection(ProjectConfigurationPlatforms) = postSolution
		{58250096-ED53-728D-BC70-362E8B190209}.Debug|Any CPU.ActiveCfg = Debug|Any CPU
		{58250096-ED53-728D-BC70-362E8B190209}.Debug|Any CPU.Build.0 = Debug|Any CPU
		{58250096-ED53-728D-BC70-362E8B190209}.Release|Any CPU.ActiveCfg = Release|Any CPU
		{58250096-ED53-728D-BC70-362E8B190209}.Release|Any CPU.Build.0 = Release|Any CPU
		{829EFDB3-1B07-524B-D10D-61534E283EDC}.Debug|Any CPU.ActiveCfg = Debug|Any CPU
		{829EFDB3-1B07-524B-D10D-61534E283EDC}.Debug|Any CPU.Build.0 = Debug|Any CPU
		{829EFDB3-1B07-524B-D10D-61534E283EDC}.Release|Any CPU.ActiveCfg = Release|Any CPU
		{829EFDB3-1B07-524B-D10D-61534E283EDC}.Release|Any CPU.Build.0 = Release|Any CPU
	EndGlobalSection
	GlobalSection(SolutionProperties) = preSolution
		HideSolutionNode = FALSE
	EndGlobalSection
	GlobalSection(MonoDevelopProperties) = preSolution
		StartupItem = Assembly-CSharp.csproj
	EndGlobalSection
EndGlobal
